
Microsoft Visual Studio Solution File, Format Version 12.00
# Visual Studio Version 16
VisualStudioVersion = 16.0.30517.126
MinimumVisualStudioVersion = 10.0.40219.1
Project("{FAE04EC0-301F-11D3-BF4B-00C04F79EFBC}") = "LoginService", "LoginService\LoginService.csproj", "{A737C508-D0E7-4EB6-909D-CCB5BEF34894}"
EndProject
Global
	GlobalSection(SolutionConfigurationPlatforms) = preSolution
		Debug|Any CPU = Debug|Any CPU
		Release|Any CPU = Release|Any CPU
	EndGlobalSection
	GlobalSection(ProjectConfigurationPlatforms) = postSolution
		{A737C508-D0E7-4EB6-909D-CCB5BEF34894}.Debug|Any CPU.ActiveCfg = Debug|Any CPU
		{A737C508-D0E7-4EB6-909D-CCB5BEF34894}.Debug|Any CPU.Build.0 = Debug|Any CPU
		{A737C508-D0E7-4EB6-909D-CCB5BEF34894}.Release|Any CPU.ActiveCfg = Release|Any CPU
		{A737C508-D0E7-4EB6-909D-CCB5BEF34894}.Release|Any CPU.Build.0 = Release|Any CPU
	EndGlobalSection
	GlobalSection(SolutionProperties) = preSolution
		HideSolutionNode = FALSE
	EndGlobalSection
	GlobalSection(ExtensibilityGlobals) = postSolution
		SolutionGuid = {F5D1338B-256F-4B55-AC6B-1009BA6FB56B}
	EndGlobalSection
EndGlobal
